
Microsoft Visual Studio Solution File, Format Version 12.00
# Visual Studio Version 16
VisualStudioVersion = 16.0.29709.97
MinimumVisualStudioVersion = 10.0.40219.1
Project("{9A19103F-16F7-4668-BE54-9A1E7A4F7556}") = "NovaEscola", "NovaEscola\NovaEscola.csproj", "{9CD1197C-5A21-4743-A3BF-8F24E6A9A716}"
EndProject
Global
	GlobalSection(SolutionConfigurationPlatforms) = preSolution
		Debug|Any CPU = Debug|Any CPU
		Release|Any CPU = Release|Any CPU
	EndGlobalSection
	GlobalSection(ProjectConfigurationPlatforms) = postSolution
		{9CD1197C-5A21-4743-A3BF-8F24E6A9A716}.Debug|Any CPU.ActiveCfg = Debug|Any CPU
		{9CD1197C-5A21-4743-A3BF-8F24E6A9A716}.Debug|Any CPU.Build.0 = Debug|Any CPU
		{9CD1197C-5A21-4743-A3BF-8F24E6A9A716}.Release|Any CPU.ActiveCfg = Release|Any CPU
		{9CD1197C-5A21-4743-A3BF-8F24E6A9A716}.Release|Any CPU.Build.0 = Release|Any CPU
	EndGlobalSection
	GlobalSection(SolutionProperties) = preSolution
		HideSolutionNode = FALSE
	EndGlobalSection
	GlobalSection(ExtensibilityGlobals) = postSolution
		SolutionGuid = {8C666362-5B90-418D-82B7-87A6748A10D8}
	EndGlobalSection
EndGlobal
